
Microsoft Visual Studio Solution File, Format Version 12.00
# Visual Studio 14
VisualStudioVersion = 14.0.25420.1
MinimumVisualStudioVersion = 10.0.40219.1
Project("{8BC9CEB8-8B4A-11D0-8D11-00A0C91BC942}") = "TR", "TR\TR.vcxproj", "{B9D641F6-75F2-4F0F-A416-7A00B815C273}"
EndProject
Project("{8BC9CEB8-8B4A-11D0-8D11-00A0C91BC942}") = "newtr", "newtr\newtr.vcxproj", "{6F25B992-FCE3-4AD2-B538-AD5A2B0FA998}"
EndProject
Project("{2150E333-8FDC-42A3-9474-1A3956D46DE8}") = "SOMTH", "SOMTH", "{361BDEA3-5E30-46D1-8619-73DB5E498E47}"
EndProject
Project("{2150E333-8FDC-42A3-9474-1A3956D46DE8}") = "Univer", "Univer", "{6C618DCB-91D6-4287-BA4D-F8C400BE8CAA}"
EndProject
Project("{8BC9CEB8-8B4A-11D0-8D11-00A0C91BC942}") = "Lab5.1", "Lab5.1\Lab5.1.vcxproj", "{DAFDF31B-4475-45BD-8C3D-638CB0FFFEF2}"
EndProject
Project("{8BC9CEB8-8B4A-11D0-8D11-00A0C91BC942}") = "Lab4.1", "Lab4.1\Lab4.1.vcxproj", "{AC08B681-319B-430B-9127-4CB440EC4889}"
EndProject
Project("{8BC9CEB8-8B4A-11D0-8D11-00A0C91BC942}") = "Lab4.4", "Lab4.4\Lab4.4.vcxproj", "{9B9EFAF2-B366-4482-B233-5290B68E3B75}"
EndProject
Project("{8BC9CEB8-8B4A-11D0-8D11-00A0C91BC942}") = "Lab5.2", "Lab5.2\Lab5.2.vcxproj", "{F4C398A9-43E6-4DE2-AFB5-E6CBA87C461E}"
EndProject
Project("{8BC9CEB8-8B4A-11D0-8D11-00A0C91BC942}") = "KeybProject", "KeybProject\KeybProject.vcxproj", "{5827611D-ED08-4863-A6B5-54A01B4864D0}"
EndProject
Project("{8BC9CEB8-8B4A-11D0-8D11-00A0C91BC942}") = "Lab5.3", "Lab5.3\Lab5.3.vcxproj", "{95F1D1A3-8795-469D-8A24-0B94E69C06B9}"
EndProject
Project("{8BC9CEB8-8B4A-11D0-8D11-00A0C91BC942}") = "Lab6.1", "Lab6.1\Lab6.1.vcxproj", "{7EF6510B-4F55-4A75-B00F-9BC263AA19E9}"
EndProject
Project("{8BC9CEB8-8B4A-11D0-8D11-00A0C91BC942}") = "Lab7.1", "Lab7.1\Lab7.1.vcxproj", "{3F7ECC54-A2C9-4407-B0FE-E77990845730}"
EndProject
Project("{8BC9CEB8-8B4A-11D0-8D11-00A0C91BC942}") = "Lab6.2", "Lab6.2\Lab6.2.vcxproj", "{89AF558F-6FB4-44F1-B5E4-1BA4A8228E5A}"
EndProject
Project("{8BC9CEB8-8B4A-11D0-8D11-00A0C91BC942}") = "Lab7.2", "Lab7.2\Lab7.2.vcxproj", "{BEB61B0C-CABD-4A86-950D-273AF27FE758}"
EndProject
Project("{8BC9CEB8-8B4A-11D0-8D11-00A0C91BC942}") = "Lab7.3", "Lab7.3\Lab7.3.vcxproj", "{22B9AC19-8236-4794-82DC-0B4245C109B9}"
EndProject
Project("{8BC9CEB8-8B4A-11D0-8D11-00A0C91BC942}") = "Lab7.4", "Lab7.4\Lab7.4.vcxproj", "{98713C03-ACA6-45F3-95DF-0FA02CB25ED3}"
EndProject
Project("{8BC9CEB8-8B4A-11D0-8D11-00A0C91BC942}") = "modul", "modul\modul.vcxproj", "{DBAEFF12-ECFE-4815-B6D9-DC7334C26430}"
EndProject
Project("{8BC9CEB8-8B4A-11D0-8D11-00A0C91BC942}") = "MyPerf", "MyPerf\MyPerf.vcxproj", "{9ED0D5A7-1A88-4FF4-8B82-88D0D97AF9B0}"
EndProject
Global
	GlobalSection(SolutionConfigurationPlatforms) = preSolution
		Debug|Win32 = Debug|Win32
		Debug|x64 = Debug|x64
		Release|Win32 = Release|Win32
		Release|x64 = Release|x64
	EndGlobalSection
	GlobalSection(ProjectConfigurationPlatforms) = postSolution
		{B9D641F6-75F2-4F0F-A416-7A00B815C273}.Debug|Win32.ActiveCfg = Debug|Win32
		{B9D641F6-75F2-4F0F-A416-7A00B815C273}.Debug|Win32.Build.0 = Debug|Win32
		{B9D641F6-75F2-4F0F-A416-7A00B815C273}.Debug|x64.ActiveCfg = Debug|Win32
		{B9D641F6-75F2-4F0F-A416-7A00B815C273}.Release|Win32.ActiveCfg = Release|Win32
		{B9D641F6-75F2-4F0F-A416-7A00B815C273}.Release|Win32.Build.0 = Release|Win32
		{B9D641F6-75F2-4F0F-A416-7A00B815C273}.Release|x64.ActiveCfg = Release|Win32
		{6F25B992-FCE3-4AD2-B538-AD5A2B0FA998}.Debug|Win32.ActiveCfg = Debug|Win32
		{6F25B992-FCE3-4AD2-B538-AD5A2B0FA998}.Debug|Win32.Build.0 = Debug|Win32
		{6F25B992-FCE3-4AD2-B538-AD5A2B0FA998}.Debug|x64.ActiveCfg = Debug|Win32
		{6F25B992-FCE3-4AD2-B538-AD5A2B0FA998}.Release|Win32.ActiveCfg = Release|Win32
		{6F25B992-FCE3-4AD2-B538-AD5A2B0FA998}.Release|Win32.Build.0 = Release|Win32
		{6F25B992-FCE3-4AD2-B538-AD5A2B0FA998}.Release|x64.ActiveCfg = Release|Win32
		{DAFDF31B-4475-45BD-8C3D-638CB0FFFEF2}.Debug|Win32.ActiveCfg = Debug|Win32
		{DAFDF31B-4475-45BD-8C3D-638CB0FFFEF2}.Debug|Win32.Build.0 = Debug|Win32
		{DAFDF31B-4475-45BD-8C3D-638CB0FFFEF2}.Debug|x64.ActiveCfg = Debug|x64
		{DAFDF31B-4475-45BD-8C3D-638CB0FFFEF2}.Debug|x64.Build.0 = Debug|x64
		{DAFDF31B-4475-45BD-8C3D-638CB0FFFEF2}.Release|Win32.ActiveCfg = Release|Win32
		{DAFDF31B-4475-45BD-8C3D-638CB0FFFEF2}.Release|Win32.Build.0 = Release|Win32
		{DAFDF31B-4475-45BD-8C3D-638CB0FFFEF2}.Release|x64.ActiveCfg = Release|x64
		{DAFDF31B-4475-45BD-8C3D-638CB0FFFEF2}.Release|x64.Build.0 = Release|x64
		{AC08B681-319B-430B-9127-4CB440EC4889}.Debug|Win32.ActiveCfg = Debug|Win32
		{AC08B681-319B-430B-9127-4CB440EC4889}.Debug|Win32.Build.0 = Debug|Win32
		{AC08B681-319B-430B-9127-4CB440EC4889}.Debug|x64.ActiveCfg = Debug|Win32
		{AC08B681-319B-430B-9127-4CB440EC4889}.Release|Win32.ActiveCfg = Release|Win32
		{AC08B681-319B-430B-9127-4CB440EC4889}.Release|Win32.Build.0 = Release|Win32
		{AC08B681-319B-430B-9127-4CB440EC4889}.Release|x64.ActiveCfg = Release|Win32
		{9B9EFAF2-B366-4482-B233-5290B68E3B75}.Debug|Win32.ActiveCfg = Debug|Win32
		{9B9EFAF2-B366-4482-B233-5290B68E3B75}.Debug|Win32.Build.0 = Debug|Win32
		{9B9EFAF2-B366-4482-B233-5290B68E3B75}.Debug|x64.ActiveCfg = Debug|Win32
		{9B9EFAF2-B366-4482-B233-5290B68E3B75}.Release|Win32.ActiveCfg = Release|Win32
		{9B9EFAF2-B366-4482-B233-5290B68E3B75}.Release|Win32.Build.0 = Release|Win32
		{9B9EFAF2-B366-4482-B233-5290B68E3B75}.Release|x64.ActiveCfg = Release|Win32
		{F4C398A9-43E6-4DE2-AFB5-E6CBA87C461E}.Debug|Win32.ActiveCfg = Debug|Win32
		{F4C398A9-43E6-4DE2-AFB5-E6CBA87C461E}.Debug|Win32.Build.0 = Debug|Win32
		{F4C398A9-43E6-4DE2-AFB5-E6CBA87C461E}.Debug|x64.ActiveCfg = Debug|Win32
		{F4C398A9-43E6-4DE2-AFB5-E6CBA87C461E}.Release|Win32.ActiveCfg = Release|Win32
		{F4C398A9-43E6-4DE2-AFB5-E6CBA87C461E}.Release|Win32.Build.0 = Release|Win32
		{F4C398A9-43E6-4DE2-AFB5-E6CBA87C461E}.Release|x64.ActiveCfg = Release|Win32
		{5827611D-ED08-4863-A6B5-54A01B4864D0}.Debug|Win32.ActiveCfg = Debug|Win32
		{5827611D-ED08-4863-A6B5-54A01B4864D0}.Debug|Win32.Build.0 = Debug|Win32
		{5827611D-ED08-4863-A6B5-54A01B4864D0}.Debug|x64.ActiveCfg = Debug|Win32
		{5827611D-ED08-4863-A6B5-54A01B4864D0}.Release|Win32.ActiveCfg = Release|Win32
		{5827611D-ED08-4863-A6B5-54A01B4864D0}.Release|Win32.Build.0 = Release|Win32
		{5827611D-ED08-4863-A6B5-54A01B4864D0}.Release|x64.ActiveCfg = Release|Win32
		{95F1D1A3-8795-469D-8A24-0B94E69C06B9}.Debug|Win32.ActiveCfg = Debug|Win32
		{95F1D1A3-8795-469D-8A24-0B94E69C06B9}.Debug|Win32.Build.0 = Debug|Win32
		{95F1D1A3-8795-469D-8A24-0B94E69C06B9}.Debug|x64.ActiveCfg = Debug|Win32
		{95F1D1A3-8795-469D-8A24-0B94E69C06B9}.Release|Win32.ActiveCfg = Release|Win32
		{95F1D1A3-8795-469D-8A24-0B94E69C06B9}.Release|Win32.Build.0 = Release|Win32
		{95F1D1A3-8795-469D-8A24-0B94E69C06B9}.Release|x64.ActiveCfg = Release|Win32
		{7EF6510B-4F55-4A75-B00F-9BC263AA19E9}.Debug|Win32.ActiveCfg = Debug|Win32
		{7EF6510B-4F55-4A75-B00F-9BC263AA19E9}.Debug|Win32.Build.0 = Debug|Win32
		{7EF6510B-4F55-4A75-B00F-9BC263AA19E9}.Debug|x64.ActiveCfg = Debug|Win32
		{7EF6510B-4F55-4A75-B00F-9BC263AA19E9}.Release|Win32.ActiveCfg = Release|Win32
		{7EF6510B-4F55-4A75-B00F-9BC263AA19E9}.Release|Win32.Build.0 = Release|Win32
		{7EF6510B-4F55-4A75-B00F-9BC263AA19E9}.Release|x64.ActiveCfg = Release|Win32
		{3F7ECC54-A2C9-4407-B0FE-E77990845730}.Debug|Win32.ActiveCfg = Debug|Win32
		{3F7ECC54-A2C9-4407-B0FE-E77990845730}.Debug|Win32.Build.0 = Debug|Win32
		{3F7ECC54-A2C9-4407-B0FE-E77990845730}.Debug|x64.ActiveCfg = Debug|Win32
		{3F7ECC54-A2C9-4407-B0FE-E77990845730}.Release|Win32.ActiveCfg = Release|Win32
		{3F7ECC54-A2C9-4407-B0FE-E77990845730}.Release|Win32.Build.0 = Release|Win32
		{3F7ECC54-A2C9-4407-B0FE-E77990845730}.Release|x64.ActiveCfg = Release|Win32
		{89AF558F-6FB4-44F1-B5E4-1BA4A8228E5A}.Debug|Win32.ActiveCfg = Debug|Win32
		{89AF558F-6FB4-44F1-B5E4-1BA4A8228E5A}.Debug|Win32.Build.0 = Debug|Win32
		{89AF558F-6FB4-44F1-B5E4-1BA4A8228E5A}.Debug|x64.ActiveCfg = Debug|Win32
		{89AF558F-6FB4-44F1-B5E4-1BA4A8228E5A}.Release|Win32.ActiveCfg = Release|Win32
		{89AF558F-6FB4-44F1-B5E4-1BA4A8228E5A}.Release|Win32.Build.0 = Release|Win32
		{89AF558F-6FB4-44F1-B5E4-1BA4A8228E5A}.Release|x64.ActiveCfg = Release|Win32
		{BEB61B0C-CABD-4A86-950D-273AF27FE758}.Debug|Win32.ActiveCfg = Debug|Win32
		{BEB61B0C-CABD-4A86-950D-273AF27FE758}.Debug|Win32.Build.0 = Debug|Win32
		{BEB61B0C-CABD-4A86-950D-273AF27FE758}.Debug|x64.ActiveCfg = Debug|Win32
		{BEB61B0C-CABD-4A86-950D-273AF27FE758}.Release|Win32.ActiveCfg = Release|Win32
		{BEB61B0C-CABD-4A86-950D-273AF27FE758}.Release|Win32.Build.0 = Release|Win32
		{BEB61B0C-CABD-4A86-950D-273AF27FE758}.Release|x64.ActiveCfg = Release|Win32
		{22B9AC19-8236-4794-82DC-0B4245C109B9}.Debug|Win32.ActiveCfg = Debug|Win32
		{22B9AC19-8236-4794-82DC-0B4245C109B9}.Debug|Win32.Build.0 = Debug|Win32
		{22B9AC19-8236-4794-82DC-0B4245C109B9}.Debug|x64.ActiveCfg = Debug|Win32
		{22B9AC19-8236-4794-82DC-0B4245C109B9}.Release|Win32.ActiveCfg = Release|Win32
		{22B9AC19-8236-4794-82DC-0B4245C109B9}.Release|Win32.Build.0 = Release|Win32
		{22B9AC19-8236-4794-82DC-0B4245C109B9}.Release|x64.ActiveCfg = Release|Win32
		{98713C03-ACA6-45F3-95DF-0FA02CB25ED3}.Debug|Win32.ActiveCfg = Debug|Win32
		{98713C03-ACA6-45F3-95DF-0FA02CB25ED3}.Debug|Win32.Build.0 = Debug|Win32
		{98713C03-ACA6-45F3-95DF-0FA02CB25ED3}.Debug|x64.ActiveCfg = Debug|Win32
		{98713C03-ACA6-45F3-95DF-0FA02CB25ED3}.Release|Win32.ActiveCfg = Release|Win32
		{98713C03-ACA6-45F3-95DF-0FA02CB25ED3}.Release|Win32.Build.0 = Release|Win32
		{98713C03-ACA6-45F3-95DF-0FA02CB25ED3}.Release|x64.ActiveCfg = Release|Win32
		{DBAEFF12-ECFE-4815-B6D9-DC7334C26430}.Debug|Win32.ActiveCfg = Debug|Win32
		{DBAEFF12-ECFE-4815-B6D9-DC7334C26430}.Debug|Win32.Build.0 = Debug|Win32
		{DBAEFF12-ECFE-4815-B6D9-DC7334C26430}.Debug|x64.ActiveCfg = Debug|Win32
		{DBAEFF12-ECFE-4815-B6D9-DC7334C26430}.Release|Win32.ActiveCfg = Release|Win32
		{DBAEFF12-ECFE-4815-B6D9-DC7334C26430}.Release|Win32.Build.0 = Release|Win32
		{DBAEFF12-ECFE-4815-B6D9-DC7334C26430}.Release|x64.ActiveCfg = Release|Win32
		{9ED0D5A7-1A88-4FF4-8B82-88D0D97AF9B0}.Debug|Win32.ActiveCfg = Debug|Win32
		{9ED0D5A7-1A88-4FF4-8B82-88D0D97AF9B0}.Debug|Win32.Build.0 = Debug|Win32
		{9ED0D5A7-1A88-4FF4-8B82-88D0D97AF9B0}.Debug|x64.ActiveCfg = Debug|Win32
		{9ED0D5A7-1A88-4FF4-8B82-88D0D97AF9B0}.Release|Win32.ActiveCfg = Release|Win32
		{9ED0D5A7-1A88-4FF4-8B82-88D0D97AF9B0}.Release|Win32.Build.0 = Release|Win32
		{9ED0D5A7-1A88-4FF4-8B82-88D0D97AF9B0}.Release|x64.ActiveCfg = Release|Win32
	EndGlobalSection
	GlobalSection(SolutionProperties) = preSolution
		HideSolutionNode = FALSE
	EndGlobalSection
	GlobalSection(NestedProjects) = preSolution
		{B9D641F6-75F2-4F0F-A416-7A00B815C273} = {361BDEA3-5E30-46D1-8619-73DB5E498E47}
		{6F25B992-FCE3-4AD2-B538-AD5A2B0FA998} = {361BDEA3-5E30-46D1-8619-73DB5E498E47}
		{DAFDF31B-4475-45BD-8C3D-638CB0FFFEF2} = {6C618DCB-91D6-4287-BA4D-F8C400BE8CAA}
		{AC08B681-319B-430B-9127-4CB440EC4889} = {6C618DCB-91D6-4287-BA4D-F8C400BE8CAA}
		{9B9EFAF2-B366-4482-B233-5290B68E3B75} = {6C618DCB-91D6-4287-BA4D-F8C400BE8CAA}
		{F4C398A9-43E6-4DE2-AFB5-E6CBA87C461E} = {6C618DCB-91D6-4287-BA4D-F8C400BE8CAA}
		{5827611D-ED08-4863-A6B5-54A01B4864D0} = {361BDEA3-5E30-46D1-8619-73DB5E498E47}
		{95F1D1A3-8795-469D-8A24-0B94E69C06B9} = {6C618DCB-91D6-4287-BA4D-F8C400BE8CAA}
		{7EF6510B-4F55-4A75-B00F-9BC263AA19E9} = {6C618DCB-91D6-4287-BA4D-F8C400BE8CAA}
		{3F7ECC54-A2C9-4407-B0FE-E77990845730} = {6C618DCB-91D6-4287-BA4D-F8C400BE8CAA}
		{89AF558F-6FB4-44F1-B5E4-1BA4A8228E5A} = {6C618DCB-91D6-4287-BA4D-F8C400BE8CAA}
		{BEB61B0C-CABD-4A86-950D-273AF27FE758} = {6C618DCB-91D6-4287-BA4D-F8C400BE8CAA}
		{22B9AC19-8236-4794-82DC-0B4245C109B9} = {6C618DCB-91D6-4287-BA4D-F8C400BE8CAA}
		{98713C03-ACA6-45F3-95DF-0FA02CB25ED3} = {6C618DCB-91D6-4287-BA4D-F8C400BE8CAA}
		{DBAEFF12-ECFE-4815-B6D9-DC7334C26430} = {6C618DCB-91D6-4287-BA4D-F8C400BE8CAA}
		{9ED0D5A7-1A88-4FF4-8B82-88D0D97AF9B0} = {361BDEA3-5E30-46D1-8619-73DB5E498E47}
	EndGlobalSection
EndGlobal
