
Microsoft Visual Studio Solution File, Format Version 12.00
# Visual Studio 15
VisualStudioVersion = 15.0.26403.7
MinimumVisualStudioVersion = 10.0.40219.1
Project("{8BC9CEB8-8B4A-11D0-8D11-00A0C91BC942}") = "TR", "TR\TR.vcxproj", "{B9D641F6-75F2-4F0F-A416-7A00B815C273}"
EndProject
Project("{8BC9CEB8-8B4A-11D0-8D11-00A0C91BC942}") = "newtr", "newtr\newtr.vcxproj", "{6F25B992-FCE3-4AD2-B538-AD5A2B0FA998}"
EndProject
Project("{2150E333-8FDC-42A3-9474-1A3956D46DE8}") = "SOMTH", "SOMTH", "{361BDEA3-5E30-46D1-8619-73DB5E498E47}"
EndProject
Project("{2150E333-8FDC-42A3-9474-1A3956D46DE8}") = "Univer", "Univer", "{6C618DCB-91D6-4287-BA4D-F8C400BE8CAA}"
EndProject
Project("{8BC9CEB8-8B4A-11D0-8D11-00A0C91BC942}") = "Lab5.1", "Lab5.1\Lab5.1.vcxproj", "{DAFDF31B-4475-45BD-8C3D-638CB0FFFEF2}"
EndProject
Project("{8BC9CEB8-8B4A-11D0-8D11-00A0C91BC942}") = "Lab4.1", "Lab4.1\Lab4.1.vcxproj", "{AC08B681-319B-430B-9127-4CB440EC4889}"
EndProject
Project("{8BC9CEB8-8B4A-11D0-8D11-00A0C91BC942}") = "Lab4.4", "Lab4.4\Lab4.4.vcxproj", "{9B9EFAF2-B366-4482-B233-5290B68E3B75}"
EndProject
Project("{8BC9CEB8-8B4A-11D0-8D11-00A0C91BC942}") = "Lab5.2", "Lab5.2\Lab5.2.vcxproj", "{F4C398A9-43E6-4DE2-AFB5-E6CBA87C461E}"
EndProject
Project("{8BC9CEB8-8B4A-11D0-8D11-00A0C91BC942}") = "KeybProject", "KeybProject\KeybProject.vcxproj", "{5827611D-ED08-4863-A6B5-54A01B4864D0}"
EndProject
Project("{8BC9CEB8-8B4A-11D0-8D11-00A0C91BC942}") = "Lab5.3", "Lab5.3\Lab5.3.vcxproj", "{95F1D1A3-8795-469D-8A24-0B94E69C06B9}"
EndProject
Project("{8BC9CEB8-8B4A-11D0-8D11-00A0C91BC942}") = "Lab6.1", "Lab6.1\Lab6.1.vcxproj", "{7EF6510B-4F55-4A75-B00F-9BC263AA19E9}"
EndProject
Project("{8BC9CEB8-8B4A-11D0-8D11-00A0C91BC942}") = "Lab7.1", "Lab7.1\Lab7.1.vcxproj", "{3F7ECC54-A2C9-4407-B0FE-E77990845730}"
EndProject
Project("{8BC9CEB8-8B4A-11D0-8D11-00A0C91BC942}") = "Lab6.2", "Lab6.2\Lab6.2.vcxproj", "{89AF558F-6FB4-44F1-B5E4-1BA4A8228E5A}"
EndProject
Project("{8BC9CEB8-8B4A-11D0-8D11-00A0C91BC942}") = "Lab7.2", "Lab7.2\Lab7.2.vcxproj", "{BEB61B0C-CABD-4A86-950D-273AF27FE758}"
EndProject
Project("{8BC9CEB8-8B4A-11D0-8D11-00A0C91BC942}") = "Lab7.3", "Lab7.3\Lab7.3.vcxproj", "{22B9AC19-8236-4794-82DC-0B4245C109B9}"
EndProject
Project("{8BC9CEB8-8B4A-11D0-8D11-00A0C91BC942}") = "Lab7.4", "Lab7.4\Lab7.4.vcxproj", "{98713C03-ACA6-45F3-95DF-0FA02CB25ED3}"
EndProject
Project("{8BC9CEB8-8B4A-11D0-8D11-00A0C91BC942}") = "modul", "modul\modul.vcxproj", "{DBAEFF12-ECFE-4815-B6D9-DC7334C26430}"
EndProject
Project("{8BC9CEB8-8B4A-11D0-8D11-00A0C91BC942}") = "MyPerf", "MyPerf\MyPerf.vcxproj", "{9ED0D5A7-1A88-4FF4-8B82-88D0D97AF9B0}"
EndProject
Project("{2150E333-8FDC-42A3-9474-1A3956D46DE8}") = "2 term", "2 term", "{9047AB11-D190-4816-ACFA-D7D8812EE84F}"
EndProject
Project("{8BC9CEB8-8B4A-11D0-8D11-00A0C91BC942}") = "Lab8.1", "Lab8.1\Lab8.1.vcxproj", "{90EB62C7-84C8-4E6A-BD7F-5D252740F416}"
EndProject
Project("{8BC9CEB8-8B4A-11D0-8D11-00A0C91BC942}") = "Lab8.2", "Lab8.2\Lab8.2.vcxproj", "{434A98BA-EFB8-44D4-843E-B3DDA9744B54}"
EndProject
Project("{8BC9CEB8-8B4A-11D0-8D11-00A0C91BC942}") = "Lab8.3", "Lab8.3\Lab8.3.vcxproj", "{BC1124E8-72A2-4C86-BCD3-7C1516820A45}"
EndProject
Project("{2150E333-8FDC-42A3-9474-1A3956D46DE8}") = "1 term", "1 term", "{6B77DBB3-A86F-4BD2-98FB-8868AA91ED3F}"
EndProject
Project("{8BC9CEB8-8B4A-11D0-8D11-00A0C91BC942}") = "Lab9.2", "Lab9.2\Lab9.2.vcxproj", "{84A4ADC3-7D99-4964-9E65-54345667A6E4}"
EndProject
Project("{8BC9CEB8-8B4A-11D0-8D11-00A0C91BC942}") = "test", "test\test.vcxproj", "{8E6F4D64-5355-430D-81AA-A5041C838797}"
EndProject
Project("{8BC9CEB8-8B4A-11D0-8D11-00A0C91BC942}") = "Lab9.3", "Lab9.3\Lab9.3.vcxproj", "{803EBACD-472E-4B9D-A6DC-3C843B525913}"
EndProject
Project("{8BC9CEB8-8B4A-11D0-8D11-00A0C91BC942}") = "Lab10.requrs", "Lab10requrs\Lab10requrs.vcxproj", "{7BCC776F-6D3E-40FF-AE6C-438CB8D2B10E}"
EndProject
Project("{8BC9CEB8-8B4A-11D0-8D11-00A0C91BC942}") = "matrix", "matrix\matrix.vcxproj", "{0414734C-7063-48F5-A102-EEF16BDF167A}"
EndProject
Project("{8BC9CEB8-8B4A-11D0-8D11-00A0C91BC942}") = "Lab10.1", "Lab10.1\Lab10.1.vcxproj", "{706CCD7F-C4F4-4B10-9FEC-8B4F0CB373F3}"
EndProject
Project("{8BC9CEB8-8B4A-11D0-8D11-00A0C91BC942}") = "Lab10.2", "Lab10.2\Lab10.2.vcxproj", "{65A3B4E9-0C18-4CBF-8E74-86807699B197}"
EndProject
Project("{8BC9CEB8-8B4A-11D0-8D11-00A0C91BC942}") = "Lab10.4", "Lab10.4\Lab10.4.vcxproj", "{2A18B4AB-DDD1-4313-B4A1-084539D6AA6D}"
EndProject
Project("{8BC9CEB8-8B4A-11D0-8D11-00A0C91BC942}") = "Lab11.1", "Lab11.1\Lab11.1.vcxproj", "{E804CE9F-BDAC-401F-B0A0-666EB734CF8E}"
EndProject
Project("{8BC9CEB8-8B4A-11D0-8D11-00A0C91BC942}") = "Lab11.2", "Lab11.2\Lab11.2.vcxproj", "{A32B4578-730E-4900-9334-824917079377}"
EndProject
Project("{8BC9CEB8-8B4A-11D0-8D11-00A0C91BC942}") = "MODUL1", "MODUL1\MODUL1.vcxproj", "{4DAB327F-AB5C-4032-B7EB-06DE1E114E5B}"
EndProject
Project("{2150E333-8FDC-42A3-9474-1A3956D46DE8}") = "12", "12", "{E56F4490-4E97-4B6D-AA65-DCE0B6A95F4B}"
EndProject
Project("{8BC9CEB8-8B4A-11D0-8D11-00A0C91BC942}") = "Lab12.1", "Lab12.1\Lab12.1.vcxproj", "{7572DBFE-BC87-402F-8D02-4C754AB4C21B}"
EndProject
Project("{8BC9CEB8-8B4A-11D0-8D11-00A0C91BC942}") = "Lab12.2", "Lab12.2\Lab12.2.vcxproj", "{977248C2-D495-4DA9-B260-F6B6E969C1B6}"
EndProject
Project("{8BC9CEB8-8B4A-11D0-8D11-00A0C91BC942}") = "Lab12.3", "Lab12.3\Lab12.3.vcxproj", "{78965FD8-1706-4913-8352-880F273FCFDC}"
EndProject
Project("{2150E333-8FDC-42A3-9474-1A3956D46DE8}") = "8", "8", "{898D122A-4913-48BB-A2CC-D8A9AD3D62FE}"
EndProject
Project("{2150E333-8FDC-42A3-9474-1A3956D46DE8}") = "9", "9", "{E7184627-3C1C-4FAB-A26B-2A984A1C53A1}"
EndProject
Project("{2150E333-8FDC-42A3-9474-1A3956D46DE8}") = "11", "11", "{521990D7-BE59-481B-8A9E-AA6A50BCCFDD}"
EndProject
Project("{2150E333-8FDC-42A3-9474-1A3956D46DE8}") = "10", "10", "{26E6C79C-5548-4ED2-9EC5-D7A66912B094}"
EndProject
Project("{2150E333-8FDC-42A3-9474-1A3956D46DE8}") = "sf", "sf", "{22955460-8AB9-4F50-9573-E9F2CA796BEA}"
EndProject
Project("{8BC9CEB8-8B4A-11D0-8D11-00A0C91BC942}") = "11.1s", "11.1s\11.1s.vcxproj", "{FFFADA95-32D9-48EA-B8FE-30FEFDE6CFEA}"
EndProject
Project("{8BC9CEB8-8B4A-11D0-8D11-00A0C91BC942}") = "11.2s", "11.2s\11.2s.vcxproj", "{92CDD88E-BCA1-4F2B-9222-0CC8C8B1AC21}"
EndProject
Project("{2150E333-8FDC-42A3-9474-1A3956D46DE8}") = "16", "16", "{4FDAE2B3-7DE2-4FAF-8A78-EBB598B73E54}"
	ProjectSection(SolutionItems) = preProject
		Lab12.3\Containers[MaxRev].cpp = Lab12.3\Containers[MaxRev].cpp
		Lab12.3\Containers[MaxRev].h = Lab12.3\Containers[MaxRev].h
	EndProjectSection
EndProject
Project("{2150E333-8FDC-42A3-9474-1A3956D46DE8}") = "Work", "Work", "{7331635C-8561-4546-9E59-D74AA586B99E}"
EndProject
Project("{8BC9CEB8-8B4A-11D0-8D11-00A0C91BC942}") = "Task", "Task\Task.vcxproj", "{099A1818-C466-4117-AB7B-F05180F9E180}"
EndProject
Project("{2150E333-8FDC-42A3-9474-1A3956D46DE8}") = "12s", "12s", "{A691C067-76D7-4767-9EF1-2980BBB761FA}"
EndProject
Project("{8BC9CEB8-8B4A-11D0-8D11-00A0C91BC942}") = "Lab12.1s", "12.1s\12.1s.vcxproj", "{F231D8A9-DED9-4163-B23F-209E36CDA3A6}"
EndProject
Project("{8BC9CEB8-8B4A-11D0-8D11-00A0C91BC942}") = "Lab12.2s", "12.2s\12.2s.vcxproj", "{C4F8A31C-DD2E-4F08-BF2D-01D722E846DA}"
EndProject
Project("{8BC9CEB8-8B4A-11D0-8D11-00A0C91BC942}") = "Lab12.3s", "12.3s\12.3s.vcxproj", "{CBDF9D32-FB90-40A2-AD82-3845D565C7AF}"
EndProject
Project("{8BC9CEB8-8B4A-11D0-8D11-00A0C91BC942}") = "Lab16.1.3", "Lab16.1.3\Lab16.1.3.vcxproj", "{D1EF18A3-C1B6-4D97-A3C4-89E6A1862AEE}"
EndProject
Project("{8BC9CEB8-8B4A-11D0-8D11-00A0C91BC942}") = "Lab16.2.2", "Lab16.2.2\Lab16.2.2.vcxproj", "{B8B4E87F-177B-4C4A-B62A-710409B3AB67}"
EndProject
Project("{2150E333-8FDC-42A3-9474-1A3956D46DE8}") = "17", "17", "{5ADC3C42-B40E-42D2-959A-3F6BC0329510}"
EndProject
Project("{8BC9CEB8-8B4A-11D0-8D11-00A0C91BC942}") = "Lab17.3", "Lab17.3\Lab17.3.vcxproj", "{D481C4CC-7162-4FDA-9A5E-E10B06585F5B}"
EndProject
Project("{8BC9CEB8-8B4A-11D0-8D11-00A0C91BC942}") = "Lab16.2.4", "Lab16.2.4\Lab16.2.4.vcxproj", "{28E6E814-7469-475B-878D-A1F97CFE87BB}"
EndProject
Project("{8BC9CEB8-8B4A-11D0-8D11-00A0C91BC942}") = "Lab16.2.3", "Lab16.2.3\Lab16.2.3.vcxproj", "{C5EF26A0-93DE-4A63-AAA5-392AFA476DC0}"
EndProject
Project("{8BC9CEB8-8B4A-11D0-8D11-00A0C91BC942}") = "TESTER1", "TESTER1\TESTER1.vcxproj", "{092A9A6F-EB3F-400D-91C2-295B100EA4A6}"
EndProject
Project("{2150E333-8FDC-42A3-9474-1A3956D46DE8}") = "LTAsk", "LTAsk", "{56223CE3-FF11-4927-9DCC-4B5C864FA04C}"
EndProject
Project("{8BC9CEB8-8B4A-11D0-8D11-00A0C91BC942}") = "Lab16.1.3[L]", "Lab16.1.3[L]\Lab16.1.3[L].vcxproj", "{EA5B074B-24A2-4EC5-894D-525C3F85E7A2}"
EndProject
Project("{8BC9CEB8-8B4A-11D0-8D11-00A0C91BC942}") = "Lab16.2.3[L]", "Lab16.2.3[L]\Lab16.2.3[L].vcxproj", "{392F94C6-CFDB-4B50-AA15-60DD3795128E}"
EndProject
Project("{8BC9CEB8-8B4A-11D0-8D11-00A0C91BC942}") = "Lab17.1[L]", "Lab17.1\Lab17.1.vcxproj", "{3B7E3984-5667-4D16-96DB-E91C1EFAE53E}"
EndProject
Global
	GlobalSection(SolutionConfigurationPlatforms) = preSolution
		Debug|Win32 = Debug|Win32
		Debug|x64 = Debug|x64
		Release|Win32 = Release|Win32
		Release|x64 = Release|x64
	EndGlobalSection
	GlobalSection(ProjectConfigurationPlatforms) = postSolution
		{B9D641F6-75F2-4F0F-A416-7A00B815C273}.Debug|Win32.ActiveCfg = Debug|Win32
		{B9D641F6-75F2-4F0F-A416-7A00B815C273}.Debug|Win32.Build.0 = Debug|Win32
		{B9D641F6-75F2-4F0F-A416-7A00B815C273}.Debug|x64.ActiveCfg = Debug|Win32
		{B9D641F6-75F2-4F0F-A416-7A00B815C273}.Release|Win32.ActiveCfg = Release|Win32
		{B9D641F6-75F2-4F0F-A416-7A00B815C273}.Release|Win32.Build.0 = Release|Win32
		{B9D641F6-75F2-4F0F-A416-7A00B815C273}.Release|x64.ActiveCfg = Release|Win32
		{6F25B992-FCE3-4AD2-B538-AD5A2B0FA998}.Debug|Win32.ActiveCfg = Debug|Win32
		{6F25B992-FCE3-4AD2-B538-AD5A2B0FA998}.Debug|Win32.Build.0 = Debug|Win32
		{6F25B992-FCE3-4AD2-B538-AD5A2B0FA998}.Debug|x64.ActiveCfg = Debug|Win32
		{6F25B992-FCE3-4AD2-B538-AD5A2B0FA998}.Release|Win32.ActiveCfg = Release|Win32
		{6F25B992-FCE3-4AD2-B538-AD5A2B0FA998}.Release|Win32.Build.0 = Release|Win32
		{6F25B992-FCE3-4AD2-B538-AD5A2B0FA998}.Release|x64.ActiveCfg = Release|Win32
		{DAFDF31B-4475-45BD-8C3D-638CB0FFFEF2}.Debug|Win32.ActiveCfg = Debug|Win32
		{DAFDF31B-4475-45BD-8C3D-638CB0FFFEF2}.Debug|Win32.Build.0 = Debug|Win32
		{DAFDF31B-4475-45BD-8C3D-638CB0FFFEF2}.Debug|x64.ActiveCfg = Debug|x64
		{DAFDF31B-4475-45BD-8C3D-638CB0FFFEF2}.Debug|x64.Build.0 = Debug|x64
		{DAFDF31B-4475-45BD-8C3D-638CB0FFFEF2}.Release|Win32.ActiveCfg = Release|Win32
		{DAFDF31B-4475-45BD-8C3D-638CB0FFFEF2}.Release|Win32.Build.0 = Release|Win32
		{DAFDF31B-4475-45BD-8C3D-638CB0FFFEF2}.Release|x64.ActiveCfg = Release|x64
		{DAFDF31B-4475-45BD-8C3D-638CB0FFFEF2}.Release|x64.Build.0 = Release|x64
		{AC08B681-319B-430B-9127-4CB440EC4889}.Debug|Win32.ActiveCfg = Debug|Win32
		{AC08B681-319B-430B-9127-4CB440EC4889}.Debug|Win32.Build.0 = Debug|Win32
		{AC08B681-319B-430B-9127-4CB440EC4889}.Debug|x64.ActiveCfg = Debug|Win32
		{AC08B681-319B-430B-9127-4CB440EC4889}.Release|Win32.ActiveCfg = Release|Win32
		{AC08B681-319B-430B-9127-4CB440EC4889}.Release|Win32.Build.0 = Release|Win32
		{AC08B681-319B-430B-9127-4CB440EC4889}.Release|x64.ActiveCfg = Release|Win32
		{9B9EFAF2-B366-4482-B233-5290B68E3B75}.Debug|Win32.ActiveCfg = Debug|Win32
		{9B9EFAF2-B366-4482-B233-5290B68E3B75}.Debug|Win32.Build.0 = Debug|Win32
		{9B9EFAF2-B366-4482-B233-5290B68E3B75}.Debug|x64.ActiveCfg = Debug|Win32
		{9B9EFAF2-B366-4482-B233-5290B68E3B75}.Release|Win32.ActiveCfg = Release|Win32
		{9B9EFAF2-B366-4482-B233-5290B68E3B75}.Release|Win32.Build.0 = Release|Win32
		{9B9EFAF2-B366-4482-B233-5290B68E3B75}.Release|x64.ActiveCfg = Release|Win32
		{F4C398A9-43E6-4DE2-AFB5-E6CBA87C461E}.Debug|Win32.ActiveCfg = Debug|Win32
		{F4C398A9-43E6-4DE2-AFB5-E6CBA87C461E}.Debug|Win32.Build.0 = Debug|Win32
		{F4C398A9-43E6-4DE2-AFB5-E6CBA87C461E}.Debug|x64.ActiveCfg = Debug|Win32
		{F4C398A9-43E6-4DE2-AFB5-E6CBA87C461E}.Release|Win32.ActiveCfg = Release|Win32
		{F4C398A9-43E6-4DE2-AFB5-E6CBA87C461E}.Release|Win32.Build.0 = Release|Win32
		{F4C398A9-43E6-4DE2-AFB5-E6CBA87C461E}.Release|x64.ActiveCfg = Release|Win32
		{5827611D-ED08-4863-A6B5-54A01B4864D0}.Debug|Win32.ActiveCfg = Debug|Win32
		{5827611D-ED08-4863-A6B5-54A01B4864D0}.Debug|Win32.Build.0 = Debug|Win32
		{5827611D-ED08-4863-A6B5-54A01B4864D0}.Debug|x64.ActiveCfg = Debug|Win32
		{5827611D-ED08-4863-A6B5-54A01B4864D0}.Release|Win32.ActiveCfg = Release|Win32
		{5827611D-ED08-4863-A6B5-54A01B4864D0}.Release|Win32.Build.0 = Release|Win32
		{5827611D-ED08-4863-A6B5-54A01B4864D0}.Release|x64.ActiveCfg = Release|Win32
		{95F1D1A3-8795-469D-8A24-0B94E69C06B9}.Debug|Win32.ActiveCfg = Debug|Win32
		{95F1D1A3-8795-469D-8A24-0B94E69C06B9}.Debug|Win32.Build.0 = Debug|Win32
		{95F1D1A3-8795-469D-8A24-0B94E69C06B9}.Debug|x64.ActiveCfg = Debug|Win32
		{95F1D1A3-8795-469D-8A24-0B94E69C06B9}.Release|Win32.ActiveCfg = Release|Win32
		{95F1D1A3-8795-469D-8A24-0B94E69C06B9}.Release|Win32.Build.0 = Release|Win32
		{95F1D1A3-8795-469D-8A24-0B94E69C06B9}.Release|x64.ActiveCfg = Release|Win32
		{7EF6510B-4F55-4A75-B00F-9BC263AA19E9}.Debug|Win32.ActiveCfg = Debug|Win32
		{7EF6510B-4F55-4A75-B00F-9BC263AA19E9}.Debug|Win32.Build.0 = Debug|Win32
		{7EF6510B-4F55-4A75-B00F-9BC263AA19E9}.Debug|x64.ActiveCfg = Debug|Win32
		{7EF6510B-4F55-4A75-B00F-9BC263AA19E9}.Release|Win32.ActiveCfg = Release|Win32
		{7EF6510B-4F55-4A75-B00F-9BC263AA19E9}.Release|Win32.Build.0 = Release|Win32
		{7EF6510B-4F55-4A75-B00F-9BC263AA19E9}.Release|x64.ActiveCfg = Release|Win32
		{3F7ECC54-A2C9-4407-B0FE-E77990845730}.Debug|Win32.ActiveCfg = Debug|Win32
		{3F7ECC54-A2C9-4407-B0FE-E77990845730}.Debug|Win32.Build.0 = Debug|Win32
		{3F7ECC54-A2C9-4407-B0FE-E77990845730}.Debug|x64.ActiveCfg = Debug|Win32
		{3F7ECC54-A2C9-4407-B0FE-E77990845730}.Release|Win32.ActiveCfg = Release|Win32
		{3F7ECC54-A2C9-4407-B0FE-E77990845730}.Release|Win32.Build.0 = Release|Win32
		{3F7ECC54-A2C9-4407-B0FE-E77990845730}.Release|x64.ActiveCfg = Release|Win32
		{89AF558F-6FB4-44F1-B5E4-1BA4A8228E5A}.Debug|Win32.ActiveCfg = Debug|Win32
		{89AF558F-6FB4-44F1-B5E4-1BA4A8228E5A}.Debug|Win32.Build.0 = Debug|Win32
		{89AF558F-6FB4-44F1-B5E4-1BA4A8228E5A}.Debug|x64.ActiveCfg = Debug|Win32
		{89AF558F-6FB4-44F1-B5E4-1BA4A8228E5A}.Release|Win32.ActiveCfg = Release|Win32
		{89AF558F-6FB4-44F1-B5E4-1BA4A8228E5A}.Release|Win32.Build.0 = Release|Win32
		{89AF558F-6FB4-44F1-B5E4-1BA4A8228E5A}.Release|x64.ActiveCfg = Release|Win32
		{BEB61B0C-CABD-4A86-950D-273AF27FE758}.Debug|Win32.ActiveCfg = Debug|Win32
		{BEB61B0C-CABD-4A86-950D-273AF27FE758}.Debug|Win32.Build.0 = Debug|Win32
		{BEB61B0C-CABD-4A86-950D-273AF27FE758}.Debug|x64.ActiveCfg = Debug|Win32
		{BEB61B0C-CABD-4A86-950D-273AF27FE758}.Release|Win32.ActiveCfg = Release|Win32
		{BEB61B0C-CABD-4A86-950D-273AF27FE758}.Release|Win32.Build.0 = Release|Win32
		{BEB61B0C-CABD-4A86-950D-273AF27FE758}.Release|x64.ActiveCfg = Release|Win32
		{22B9AC19-8236-4794-82DC-0B4245C109B9}.Debug|Win32.ActiveCfg = Debug|Win32
		{22B9AC19-8236-4794-82DC-0B4245C109B9}.Debug|Win32.Build.0 = Debug|Win32
		{22B9AC19-8236-4794-82DC-0B4245C109B9}.Debug|x64.ActiveCfg = Debug|Win32
		{22B9AC19-8236-4794-82DC-0B4245C109B9}.Release|Win32.ActiveCfg = Release|Win32
		{22B9AC19-8236-4794-82DC-0B4245C109B9}.Release|Win32.Build.0 = Release|Win32
		{22B9AC19-8236-4794-82DC-0B4245C109B9}.Release|x64.ActiveCfg = Release|Win32
		{98713C03-ACA6-45F3-95DF-0FA02CB25ED3}.Debug|Win32.ActiveCfg = Debug|Win32
		{98713C03-ACA6-45F3-95DF-0FA02CB25ED3}.Debug|Win32.Build.0 = Debug|Win32
		{98713C03-ACA6-45F3-95DF-0FA02CB25ED3}.Debug|x64.ActiveCfg = Debug|Win32
		{98713C03-ACA6-45F3-95DF-0FA02CB25ED3}.Release|Win32.ActiveCfg = Release|Win32
		{98713C03-ACA6-45F3-95DF-0FA02CB25ED3}.Release|Win32.Build.0 = Release|Win32
		{98713C03-ACA6-45F3-95DF-0FA02CB25ED3}.Release|x64.ActiveCfg = Release|Win32
		{DBAEFF12-ECFE-4815-B6D9-DC7334C26430}.Debug|Win32.ActiveCfg = Debug|Win32
		{DBAEFF12-ECFE-4815-B6D9-DC7334C26430}.Debug|Win32.Build.0 = Debug|Win32
		{DBAEFF12-ECFE-4815-B6D9-DC7334C26430}.Debug|x64.ActiveCfg = Debug|Win32
		{DBAEFF12-ECFE-4815-B6D9-DC7334C26430}.Release|Win32.ActiveCfg = Release|Win32
		{DBAEFF12-ECFE-4815-B6D9-DC7334C26430}.Release|Win32.Build.0 = Release|Win32
		{DBAEFF12-ECFE-4815-B6D9-DC7334C26430}.Release|x64.ActiveCfg = Release|Win32
		{9ED0D5A7-1A88-4FF4-8B82-88D0D97AF9B0}.Debug|Win32.ActiveCfg = Debug|Win32
		{9ED0D5A7-1A88-4FF4-8B82-88D0D97AF9B0}.Debug|Win32.Build.0 = Debug|Win32
		{9ED0D5A7-1A88-4FF4-8B82-88D0D97AF9B0}.Debug|x64.ActiveCfg = Debug|Win32
		{9ED0D5A7-1A88-4FF4-8B82-88D0D97AF9B0}.Release|Win32.ActiveCfg = Release|Win32
		{9ED0D5A7-1A88-4FF4-8B82-88D0D97AF9B0}.Release|Win32.Build.0 = Release|Win32
		{9ED0D5A7-1A88-4FF4-8B82-88D0D97AF9B0}.Release|x64.ActiveCfg = Release|Win32
		{90EB62C7-84C8-4E6A-BD7F-5D252740F416}.Debug|Win32.ActiveCfg = Debug|Win32
		{90EB62C7-84C8-4E6A-BD7F-5D252740F416}.Debug|Win32.Build.0 = Debug|Win32
		{90EB62C7-84C8-4E6A-BD7F-5D252740F416}.Debug|x64.ActiveCfg = Debug|x64
		{90EB62C7-84C8-4E6A-BD7F-5D252740F416}.Debug|x64.Build.0 = Debug|x64
		{90EB62C7-84C8-4E6A-BD7F-5D252740F416}.Release|Win32.ActiveCfg = Release|Win32
		{90EB62C7-84C8-4E6A-BD7F-5D252740F416}.Release|Win32.Build.0 = Release|Win32
		{90EB62C7-84C8-4E6A-BD7F-5D252740F416}.Release|x64.ActiveCfg = Release|x64
		{90EB62C7-84C8-4E6A-BD7F-5D252740F416}.Release|x64.Build.0 = Release|x64
		{434A98BA-EFB8-44D4-843E-B3DDA9744B54}.Debug|Win32.ActiveCfg = Debug|Win32
		{434A98BA-EFB8-44D4-843E-B3DDA9744B54}.Debug|Win32.Build.0 = Debug|Win32
		{434A98BA-EFB8-44D4-843E-B3DDA9744B54}.Debug|x64.ActiveCfg = Debug|x64
		{434A98BA-EFB8-44D4-843E-B3DDA9744B54}.Debug|x64.Build.0 = Debug|x64
		{434A98BA-EFB8-44D4-843E-B3DDA9744B54}.Release|Win32.ActiveCfg = Release|Win32
		{434A98BA-EFB8-44D4-843E-B3DDA9744B54}.Release|Win32.Build.0 = Release|Win32
		{434A98BA-EFB8-44D4-843E-B3DDA9744B54}.Release|x64.ActiveCfg = Release|x64
		{434A98BA-EFB8-44D4-843E-B3DDA9744B54}.Release|x64.Build.0 = Release|x64
		{BC1124E8-72A2-4C86-BCD3-7C1516820A45}.Debug|Win32.ActiveCfg = Debug|Win32
		{BC1124E8-72A2-4C86-BCD3-7C1516820A45}.Debug|Win32.Build.0 = Debug|Win32
		{BC1124E8-72A2-4C86-BCD3-7C1516820A45}.Debug|x64.ActiveCfg = Debug|x64
		{BC1124E8-72A2-4C86-BCD3-7C1516820A45}.Debug|x64.Build.0 = Debug|x64
		{BC1124E8-72A2-4C86-BCD3-7C1516820A45}.Release|Win32.ActiveCfg = Release|Win32
		{BC1124E8-72A2-4C86-BCD3-7C1516820A45}.Release|Win32.Build.0 = Release|Win32
		{BC1124E8-72A2-4C86-BCD3-7C1516820A45}.Release|x64.ActiveCfg = Release|x64
		{BC1124E8-72A2-4C86-BCD3-7C1516820A45}.Release|x64.Build.0 = Release|x64
		{84A4ADC3-7D99-4964-9E65-54345667A6E4}.Debug|Win32.ActiveCfg = Debug|Win32
		{84A4ADC3-7D99-4964-9E65-54345667A6E4}.Debug|Win32.Build.0 = Debug|Win32
		{84A4ADC3-7D99-4964-9E65-54345667A6E4}.Debug|x64.ActiveCfg = Debug|x64
		{84A4ADC3-7D99-4964-9E65-54345667A6E4}.Debug|x64.Build.0 = Debug|x64
		{84A4ADC3-7D99-4964-9E65-54345667A6E4}.Release|Win32.ActiveCfg = Release|Win32
		{84A4ADC3-7D99-4964-9E65-54345667A6E4}.Release|Win32.Build.0 = Release|Win32
		{84A4ADC3-7D99-4964-9E65-54345667A6E4}.Release|x64.ActiveCfg = Release|x64
		{84A4ADC3-7D99-4964-9E65-54345667A6E4}.Release|x64.Build.0 = Release|x64
		{8E6F4D64-5355-430D-81AA-A5041C838797}.Debug|Win32.ActiveCfg = Debug|Win32
		{8E6F4D64-5355-430D-81AA-A5041C838797}.Debug|Win32.Build.0 = Debug|Win32
		{8E6F4D64-5355-430D-81AA-A5041C838797}.Debug|x64.ActiveCfg = Debug|x64
		{8E6F4D64-5355-430D-81AA-A5041C838797}.Debug|x64.Build.0 = Debug|x64
		{8E6F4D64-5355-430D-81AA-A5041C838797}.Release|Win32.ActiveCfg = Release|Win32
		{8E6F4D64-5355-430D-81AA-A5041C838797}.Release|Win32.Build.0 = Release|Win32
		{8E6F4D64-5355-430D-81AA-A5041C838797}.Release|x64.ActiveCfg = Release|x64
		{8E6F4D64-5355-430D-81AA-A5041C838797}.Release|x64.Build.0 = Release|x64
		{803EBACD-472E-4B9D-A6DC-3C843B525913}.Debug|Win32.ActiveCfg = Debug|Win32
		{803EBACD-472E-4B9D-A6DC-3C843B525913}.Debug|Win32.Build.0 = Debug|Win32
		{803EBACD-472E-4B9D-A6DC-3C843B525913}.Debug|x64.ActiveCfg = Debug|x64
		{803EBACD-472E-4B9D-A6DC-3C843B525913}.Debug|x64.Build.0 = Debug|x64
		{803EBACD-472E-4B9D-A6DC-3C843B525913}.Release|Win32.ActiveCfg = Release|Win32
		{803EBACD-472E-4B9D-A6DC-3C843B525913}.Release|Win32.Build.0 = Release|Win32
		{803EBACD-472E-4B9D-A6DC-3C843B525913}.Release|x64.ActiveCfg = Release|x64
		{803EBACD-472E-4B9D-A6DC-3C843B525913}.Release|x64.Build.0 = Release|x64
		{7BCC776F-6D3E-40FF-AE6C-438CB8D2B10E}.Debug|Win32.ActiveCfg = Debug|Win32
		{7BCC776F-6D3E-40FF-AE6C-438CB8D2B10E}.Debug|Win32.Build.0 = Debug|Win32
		{7BCC776F-6D3E-40FF-AE6C-438CB8D2B10E}.Debug|x64.ActiveCfg = Debug|x64
		{7BCC776F-6D3E-40FF-AE6C-438CB8D2B10E}.Debug|x64.Build.0 = Debug|x64
		{7BCC776F-6D3E-40FF-AE6C-438CB8D2B10E}.Release|Win32.ActiveCfg = Release|Win32
		{7BCC776F-6D3E-40FF-AE6C-438CB8D2B10E}.Release|Win32.Build.0 = Release|Win32
		{7BCC776F-6D3E-40FF-AE6C-438CB8D2B10E}.Release|x64.ActiveCfg = Release|x64
		{7BCC776F-6D3E-40FF-AE6C-438CB8D2B10E}.Release|x64.Build.0 = Release|x64
		{0414734C-7063-48F5-A102-EEF16BDF167A}.Debug|Win32.ActiveCfg = Debug|Win32
		{0414734C-7063-48F5-A102-EEF16BDF167A}.Debug|Win32.Build.0 = Debug|Win32
		{0414734C-7063-48F5-A102-EEF16BDF167A}.Debug|x64.ActiveCfg = Debug|x64
		{0414734C-7063-48F5-A102-EEF16BDF167A}.Debug|x64.Build.0 = Debug|x64
		{0414734C-7063-48F5-A102-EEF16BDF167A}.Release|Win32.ActiveCfg = Release|Win32
		{0414734C-7063-48F5-A102-EEF16BDF167A}.Release|Win32.Build.0 = Release|Win32
		{0414734C-7063-48F5-A102-EEF16BDF167A}.Release|x64.ActiveCfg = Release|x64
		{0414734C-7063-48F5-A102-EEF16BDF167A}.Release|x64.Build.0 = Release|x64
		{706CCD7F-C4F4-4B10-9FEC-8B4F0CB373F3}.Debug|Win32.ActiveCfg = Debug|Win32
		{706CCD7F-C4F4-4B10-9FEC-8B4F0CB373F3}.Debug|Win32.Build.0 = Debug|Win32
		{706CCD7F-C4F4-4B10-9FEC-8B4F0CB373F3}.Debug|x64.ActiveCfg = Debug|x64
		{706CCD7F-C4F4-4B10-9FEC-8B4F0CB373F3}.Debug|x64.Build.0 = Debug|x64
		{706CCD7F-C4F4-4B10-9FEC-8B4F0CB373F3}.Release|Win32.ActiveCfg = Release|Win32
		{706CCD7F-C4F4-4B10-9FEC-8B4F0CB373F3}.Release|Win32.Build.0 = Release|Win32
		{706CCD7F-C4F4-4B10-9FEC-8B4F0CB373F3}.Release|x64.ActiveCfg = Release|x64
		{706CCD7F-C4F4-4B10-9FEC-8B4F0CB373F3}.Release|x64.Build.0 = Release|x64
		{65A3B4E9-0C18-4CBF-8E74-86807699B197}.Debug|Win32.ActiveCfg = Debug|Win32
		{65A3B4E9-0C18-4CBF-8E74-86807699B197}.Debug|Win32.Build.0 = Debug|Win32
		{65A3B4E9-0C18-4CBF-8E74-86807699B197}.Debug|x64.ActiveCfg = Debug|x64
		{65A3B4E9-0C18-4CBF-8E74-86807699B197}.Debug|x64.Build.0 = Debug|x64
		{65A3B4E9-0C18-4CBF-8E74-86807699B197}.Release|Win32.ActiveCfg = Release|Win32
		{65A3B4E9-0C18-4CBF-8E74-86807699B197}.Release|Win32.Build.0 = Release|Win32
		{65A3B4E9-0C18-4CBF-8E74-86807699B197}.Release|x64.ActiveCfg = Release|x64
		{65A3B4E9-0C18-4CBF-8E74-86807699B197}.Release|x64.Build.0 = Release|x64
		{2A18B4AB-DDD1-4313-B4A1-084539D6AA6D}.Debug|Win32.ActiveCfg = Debug|Win32
		{2A18B4AB-DDD1-4313-B4A1-084539D6AA6D}.Debug|Win32.Build.0 = Debug|Win32
		{2A18B4AB-DDD1-4313-B4A1-084539D6AA6D}.Debug|x64.ActiveCfg = Debug|x64
		{2A18B4AB-DDD1-4313-B4A1-084539D6AA6D}.Debug|x64.Build.0 = Debug|x64
		{2A18B4AB-DDD1-4313-B4A1-084539D6AA6D}.Release|Win32.ActiveCfg = Release|Win32
		{2A18B4AB-DDD1-4313-B4A1-084539D6AA6D}.Release|Win32.Build.0 = Release|Win32
		{2A18B4AB-DDD1-4313-B4A1-084539D6AA6D}.Release|x64.ActiveCfg = Release|x64
		{2A18B4AB-DDD1-4313-B4A1-084539D6AA6D}.Release|x64.Build.0 = Release|x64
		{E804CE9F-BDAC-401F-B0A0-666EB734CF8E}.Debug|Win32.ActiveCfg = Debug|Win32
		{E804CE9F-BDAC-401F-B0A0-666EB734CF8E}.Debug|Win32.Build.0 = Debug|Win32
		{E804CE9F-BDAC-401F-B0A0-666EB734CF8E}.Debug|x64.ActiveCfg = Debug|x64
		{E804CE9F-BDAC-401F-B0A0-666EB734CF8E}.Debug|x64.Build.0 = Debug|x64
		{E804CE9F-BDAC-401F-B0A0-666EB734CF8E}.Release|Win32.ActiveCfg = Release|Win32
		{E804CE9F-BDAC-401F-B0A0-666EB734CF8E}.Release|Win32.Build.0 = Release|Win32
		{E804CE9F-BDAC-401F-B0A0-666EB734CF8E}.Release|x64.ActiveCfg = Release|x64
		{E804CE9F-BDAC-401F-B0A0-666EB734CF8E}.Release|x64.Build.0 = Release|x64
		{A32B4578-730E-4900-9334-824917079377}.Debug|Win32.ActiveCfg = Debug|Win32
		{A32B4578-730E-4900-9334-824917079377}.Debug|Win32.Build.0 = Debug|Win32
		{A32B4578-730E-4900-9334-824917079377}.Debug|x64.ActiveCfg = Debug|x64
		{A32B4578-730E-4900-9334-824917079377}.Debug|x64.Build.0 = Debug|x64
		{A32B4578-730E-4900-9334-824917079377}.Release|Win32.ActiveCfg = Release|Win32
		{A32B4578-730E-4900-9334-824917079377}.Release|Win32.Build.0 = Release|Win32
		{A32B4578-730E-4900-9334-824917079377}.Release|x64.ActiveCfg = Release|x64
		{A32B4578-730E-4900-9334-824917079377}.Release|x64.Build.0 = Release|x64
		{4DAB327F-AB5C-4032-B7EB-06DE1E114E5B}.Debug|Win32.ActiveCfg = Debug|Win32
		{4DAB327F-AB5C-4032-B7EB-06DE1E114E5B}.Debug|Win32.Build.0 = Debug|Win32
		{4DAB327F-AB5C-4032-B7EB-06DE1E114E5B}.Debug|x64.ActiveCfg = Debug|x64
		{4DAB327F-AB5C-4032-B7EB-06DE1E114E5B}.Debug|x64.Build.0 = Debug|x64
		{4DAB327F-AB5C-4032-B7EB-06DE1E114E5B}.Release|Win32.ActiveCfg = Release|Win32
		{4DAB327F-AB5C-4032-B7EB-06DE1E114E5B}.Release|Win32.Build.0 = Release|Win32
		{4DAB327F-AB5C-4032-B7EB-06DE1E114E5B}.Release|x64.ActiveCfg = Release|x64
		{4DAB327F-AB5C-4032-B7EB-06DE1E114E5B}.Release|x64.Build.0 = Release|x64
		{7572DBFE-BC87-402F-8D02-4C754AB4C21B}.Debug|Win32.ActiveCfg = Debug|Win32
		{7572DBFE-BC87-402F-8D02-4C754AB4C21B}.Debug|Win32.Build.0 = Debug|Win32
		{7572DBFE-BC87-402F-8D02-4C754AB4C21B}.Debug|x64.ActiveCfg = Debug|x64
		{7572DBFE-BC87-402F-8D02-4C754AB4C21B}.Debug|x64.Build.0 = Debug|x64
		{7572DBFE-BC87-402F-8D02-4C754AB4C21B}.Release|Win32.ActiveCfg = Release|Win32
		{7572DBFE-BC87-402F-8D02-4C754AB4C21B}.Release|Win32.Build.0 = Release|Win32
		{7572DBFE-BC87-402F-8D02-4C754AB4C21B}.Release|x64.ActiveCfg = Release|x64
		{7572DBFE-BC87-402F-8D02-4C754AB4C21B}.Release|x64.Build.0 = Release|x64
		{977248C2-D495-4DA9-B260-F6B6E969C1B6}.Debug|Win32.ActiveCfg = Debug|Win32
		{977248C2-D495-4DA9-B260-F6B6E969C1B6}.Debug|Win32.Build.0 = Debug|Win32
		{977248C2-D495-4DA9-B260-F6B6E969C1B6}.Debug|x64.ActiveCfg = Debug|x64
		{977248C2-D495-4DA9-B260-F6B6E969C1B6}.Debug|x64.Build.0 = Debug|x64
		{977248C2-D495-4DA9-B260-F6B6E969C1B6}.Release|Win32.ActiveCfg = Release|Win32
		{977248C2-D495-4DA9-B260-F6B6E969C1B6}.Release|Win32.Build.0 = Release|Win32
		{977248C2-D495-4DA9-B260-F6B6E969C1B6}.Release|x64.ActiveCfg = Release|x64
		{977248C2-D495-4DA9-B260-F6B6E969C1B6}.Release|x64.Build.0 = Release|x64
		{78965FD8-1706-4913-8352-880F273FCFDC}.Debug|Win32.ActiveCfg = Debug|Win32
		{78965FD8-1706-4913-8352-880F273FCFDC}.Debug|Win32.Build.0 = Debug|Win32
		{78965FD8-1706-4913-8352-880F273FCFDC}.Debug|x64.ActiveCfg = Debug|x64
		{78965FD8-1706-4913-8352-880F273FCFDC}.Debug|x64.Build.0 = Debug|x64
		{78965FD8-1706-4913-8352-880F273FCFDC}.Release|Win32.ActiveCfg = Release|Win32
		{78965FD8-1706-4913-8352-880F273FCFDC}.Release|Win32.Build.0 = Release|Win32
		{78965FD8-1706-4913-8352-880F273FCFDC}.Release|x64.ActiveCfg = Release|x64
		{78965FD8-1706-4913-8352-880F273FCFDC}.Release|x64.Build.0 = Release|x64
		{FFFADA95-32D9-48EA-B8FE-30FEFDE6CFEA}.Debug|Win32.ActiveCfg = Debug|Win32
		{FFFADA95-32D9-48EA-B8FE-30FEFDE6CFEA}.Debug|Win32.Build.0 = Debug|Win32
		{FFFADA95-32D9-48EA-B8FE-30FEFDE6CFEA}.Debug|x64.ActiveCfg = Debug|x64
		{FFFADA95-32D9-48EA-B8FE-30FEFDE6CFEA}.Debug|x64.Build.0 = Debug|x64
		{FFFADA95-32D9-48EA-B8FE-30FEFDE6CFEA}.Release|Win32.ActiveCfg = Release|Win32
		{FFFADA95-32D9-48EA-B8FE-30FEFDE6CFEA}.Release|Win32.Build.0 = Release|Win32
		{FFFADA95-32D9-48EA-B8FE-30FEFDE6CFEA}.Release|x64.ActiveCfg = Release|x64
		{FFFADA95-32D9-48EA-B8FE-30FEFDE6CFEA}.Release|x64.Build.0 = Release|x64
		{92CDD88E-BCA1-4F2B-9222-0CC8C8B1AC21}.Debug|Win32.ActiveCfg = Debug|Win32
		{92CDD88E-BCA1-4F2B-9222-0CC8C8B1AC21}.Debug|Win32.Build.0 = Debug|Win32
		{92CDD88E-BCA1-4F2B-9222-0CC8C8B1AC21}.Debug|x64.ActiveCfg = Debug|x64
		{92CDD88E-BCA1-4F2B-9222-0CC8C8B1AC21}.Debug|x64.Build.0 = Debug|x64
		{92CDD88E-BCA1-4F2B-9222-0CC8C8B1AC21}.Release|Win32.ActiveCfg = Release|Win32
		{92CDD88E-BCA1-4F2B-9222-0CC8C8B1AC21}.Release|Win32.Build.0 = Release|Win32
		{92CDD88E-BCA1-4F2B-9222-0CC8C8B1AC21}.Release|x64.ActiveCfg = Release|x64
		{92CDD88E-BCA1-4F2B-9222-0CC8C8B1AC21}.Release|x64.Build.0 = Release|x64
		{099A1818-C466-4117-AB7B-F05180F9E180}.Debug|Win32.ActiveCfg = Debug|Win32
		{099A1818-C466-4117-AB7B-F05180F9E180}.Debug|Win32.Build.0 = Debug|Win32
		{099A1818-C466-4117-AB7B-F05180F9E180}.Debug|x64.ActiveCfg = Debug|x64
		{099A1818-C466-4117-AB7B-F05180F9E180}.Debug|x64.Build.0 = Debug|x64
		{099A1818-C466-4117-AB7B-F05180F9E180}.Release|Win32.ActiveCfg = Release|Win32
		{099A1818-C466-4117-AB7B-F05180F9E180}.Release|Win32.Build.0 = Release|Win32
		{099A1818-C466-4117-AB7B-F05180F9E180}.Release|x64.ActiveCfg = Release|x64
		{099A1818-C466-4117-AB7B-F05180F9E180}.Release|x64.Build.0 = Release|x64
		{F231D8A9-DED9-4163-B23F-209E36CDA3A6}.Debug|Win32.ActiveCfg = Debug|Win32
		{F231D8A9-DED9-4163-B23F-209E36CDA3A6}.Debug|Win32.Build.0 = Debug|Win32
		{F231D8A9-DED9-4163-B23F-209E36CDA3A6}.Debug|x64.ActiveCfg = Debug|x64
		{F231D8A9-DED9-4163-B23F-209E36CDA3A6}.Debug|x64.Build.0 = Debug|x64
		{F231D8A9-DED9-4163-B23F-209E36CDA3A6}.Release|Win32.ActiveCfg = Release|Win32
		{F231D8A9-DED9-4163-B23F-209E36CDA3A6}.Release|Win32.Build.0 = Release|Win32
		{F231D8A9-DED9-4163-B23F-209E36CDA3A6}.Release|x64.ActiveCfg = Release|x64
		{F231D8A9-DED9-4163-B23F-209E36CDA3A6}.Release|x64.Build.0 = Release|x64
		{C4F8A31C-DD2E-4F08-BF2D-01D722E846DA}.Debug|Win32.ActiveCfg = Debug|Win32
		{C4F8A31C-DD2E-4F08-BF2D-01D722E846DA}.Debug|Win32.Build.0 = Debug|Win32
		{C4F8A31C-DD2E-4F08-BF2D-01D722E846DA}.Debug|x64.ActiveCfg = Debug|x64
		{C4F8A31C-DD2E-4F08-BF2D-01D722E846DA}.Debug|x64.Build.0 = Debug|x64
		{C4F8A31C-DD2E-4F08-BF2D-01D722E846DA}.Release|Win32.ActiveCfg = Release|Win32
		{C4F8A31C-DD2E-4F08-BF2D-01D722E846DA}.Release|Win32.Build.0 = Release|Win32
		{C4F8A31C-DD2E-4F08-BF2D-01D722E846DA}.Release|x64.ActiveCfg = Release|x64
		{C4F8A31C-DD2E-4F08-BF2D-01D722E846DA}.Release|x64.Build.0 = Release|x64
		{CBDF9D32-FB90-40A2-AD82-3845D565C7AF}.Debug|Win32.ActiveCfg = Debug|Win32
		{CBDF9D32-FB90-40A2-AD82-3845D565C7AF}.Debug|Win32.Build.0 = Debug|Win32
		{CBDF9D32-FB90-40A2-AD82-3845D565C7AF}.Debug|x64.ActiveCfg = Debug|x64
		{CBDF9D32-FB90-40A2-AD82-3845D565C7AF}.Debug|x64.Build.0 = Debug|x64
		{CBDF9D32-FB90-40A2-AD82-3845D565C7AF}.Release|Win32.ActiveCfg = Release|Win32
		{CBDF9D32-FB90-40A2-AD82-3845D565C7AF}.Release|Win32.Build.0 = Release|Win32
		{CBDF9D32-FB90-40A2-AD82-3845D565C7AF}.Release|x64.ActiveCfg = Release|x64
		{CBDF9D32-FB90-40A2-AD82-3845D565C7AF}.Release|x64.Build.0 = Release|x64
		{D1EF18A3-C1B6-4D97-A3C4-89E6A1862AEE}.Debug|Win32.ActiveCfg = Debug|Win32
		{D1EF18A3-C1B6-4D97-A3C4-89E6A1862AEE}.Debug|Win32.Build.0 = Debug|Win32
		{D1EF18A3-C1B6-4D97-A3C4-89E6A1862AEE}.Debug|x64.ActiveCfg = Debug|x64
		{D1EF18A3-C1B6-4D97-A3C4-89E6A1862AEE}.Debug|x64.Build.0 = Debug|x64
		{D1EF18A3-C1B6-4D97-A3C4-89E6A1862AEE}.Release|Win32.ActiveCfg = Release|Win32
		{D1EF18A3-C1B6-4D97-A3C4-89E6A1862AEE}.Release|Win32.Build.0 = Release|Win32
		{D1EF18A3-C1B6-4D97-A3C4-89E6A1862AEE}.Release|x64.ActiveCfg = Release|x64
		{D1EF18A3-C1B6-4D97-A3C4-89E6A1862AEE}.Release|x64.Build.0 = Release|x64
		{B8B4E87F-177B-4C4A-B62A-710409B3AB67}.Debug|Win32.ActiveCfg = Debug|Win32
		{B8B4E87F-177B-4C4A-B62A-710409B3AB67}.Debug|Win32.Build.0 = Debug|Win32
		{B8B4E87F-177B-4C4A-B62A-710409B3AB67}.Debug|x64.ActiveCfg = Debug|x64
		{B8B4E87F-177B-4C4A-B62A-710409B3AB67}.Debug|x64.Build.0 = Debug|x64
		{B8B4E87F-177B-4C4A-B62A-710409B3AB67}.Release|Win32.ActiveCfg = Release|Win32
		{B8B4E87F-177B-4C4A-B62A-710409B3AB67}.Release|Win32.Build.0 = Release|Win32
		{B8B4E87F-177B-4C4A-B62A-710409B3AB67}.Release|x64.ActiveCfg = Release|x64
		{B8B4E87F-177B-4C4A-B62A-710409B3AB67}.Release|x64.Build.0 = Release|x64
		{D481C4CC-7162-4FDA-9A5E-E10B06585F5B}.Debug|Win32.ActiveCfg = Debug|Win32
		{D481C4CC-7162-4FDA-9A5E-E10B06585F5B}.Debug|Win32.Build.0 = Debug|Win32
		{D481C4CC-7162-4FDA-9A5E-E10B06585F5B}.Debug|x64.ActiveCfg = Debug|x64
		{D481C4CC-7162-4FDA-9A5E-E10B06585F5B}.Debug|x64.Build.0 = Debug|x64
		{D481C4CC-7162-4FDA-9A5E-E10B06585F5B}.Release|Win32.ActiveCfg = Release|Win32
		{D481C4CC-7162-4FDA-9A5E-E10B06585F5B}.Release|Win32.Build.0 = Release|Win32
		{D481C4CC-7162-4FDA-9A5E-E10B06585F5B}.Release|x64.ActiveCfg = Release|x64
		{D481C4CC-7162-4FDA-9A5E-E10B06585F5B}.Release|x64.Build.0 = Release|x64
		{28E6E814-7469-475B-878D-A1F97CFE87BB}.Debug|Win32.ActiveCfg = Debug|Win32
		{28E6E814-7469-475B-878D-A1F97CFE87BB}.Debug|Win32.Build.0 = Debug|Win32
		{28E6E814-7469-475B-878D-A1F97CFE87BB}.Debug|x64.ActiveCfg = Debug|x64
		{28E6E814-7469-475B-878D-A1F97CFE87BB}.Debug|x64.Build.0 = Debug|x64
		{28E6E814-7469-475B-878D-A1F97CFE87BB}.Release|Win32.ActiveCfg = Release|Win32
		{28E6E814-7469-475B-878D-A1F97CFE87BB}.Release|Win32.Build.0 = Release|Win32
		{28E6E814-7469-475B-878D-A1F97CFE87BB}.Release|x64.ActiveCfg = Release|x64
		{28E6E814-7469-475B-878D-A1F97CFE87BB}.Release|x64.Build.0 = Release|x64
		{C5EF26A0-93DE-4A63-AAA5-392AFA476DC0}.Debug|Win32.ActiveCfg = Debug|Win32
		{C5EF26A0-93DE-4A63-AAA5-392AFA476DC0}.Debug|Win32.Build.0 = Debug|Win32
		{C5EF26A0-93DE-4A63-AAA5-392AFA476DC0}.Debug|x64.ActiveCfg = Debug|x64
		{C5EF26A0-93DE-4A63-AAA5-392AFA476DC0}.Debug|x64.Build.0 = Debug|x64
		{C5EF26A0-93DE-4A63-AAA5-392AFA476DC0}.Release|Win32.ActiveCfg = Release|Win32
		{C5EF26A0-93DE-4A63-AAA5-392AFA476DC0}.Release|Win32.Build.0 = Release|Win32
		{C5EF26A0-93DE-4A63-AAA5-392AFA476DC0}.Release|x64.ActiveCfg = Release|x64
		{C5EF26A0-93DE-4A63-AAA5-392AFA476DC0}.Release|x64.Build.0 = Release|x64
		{092A9A6F-EB3F-400D-91C2-295B100EA4A6}.Debug|Win32.ActiveCfg = Debug|Win32
		{092A9A6F-EB3F-400D-91C2-295B100EA4A6}.Debug|Win32.Build.0 = Debug|Win32
		{092A9A6F-EB3F-400D-91C2-295B100EA4A6}.Debug|x64.ActiveCfg = Debug|x64
		{092A9A6F-EB3F-400D-91C2-295B100EA4A6}.Debug|x64.Build.0 = Debug|x64
		{092A9A6F-EB3F-400D-91C2-295B100EA4A6}.Release|Win32.ActiveCfg = Release|Win32
		{092A9A6F-EB3F-400D-91C2-295B100EA4A6}.Release|Win32.Build.0 = Release|Win32
		{092A9A6F-EB3F-400D-91C2-295B100EA4A6}.Release|x64.ActiveCfg = Release|x64
		{092A9A6F-EB3F-400D-91C2-295B100EA4A6}.Release|x64.Build.0 = Release|x64
		{EA5B074B-24A2-4EC5-894D-525C3F85E7A2}.Debug|Win32.ActiveCfg = Debug|Win32
		{EA5B074B-24A2-4EC5-894D-525C3F85E7A2}.Debug|Win32.Build.0 = Debug|Win32
		{EA5B074B-24A2-4EC5-894D-525C3F85E7A2}.Debug|x64.ActiveCfg = Debug|x64
		{EA5B074B-24A2-4EC5-894D-525C3F85E7A2}.Debug|x64.Build.0 = Debug|x64
		{EA5B074B-24A2-4EC5-894D-525C3F85E7A2}.Release|Win32.ActiveCfg = Release|Win32
		{EA5B074B-24A2-4EC5-894D-525C3F85E7A2}.Release|Win32.Build.0 = Release|Win32
		{EA5B074B-24A2-4EC5-894D-525C3F85E7A2}.Release|x64.ActiveCfg = Release|x64
		{EA5B074B-24A2-4EC5-894D-525C3F85E7A2}.Release|x64.Build.0 = Release|x64
		{392F94C6-CFDB-4B50-AA15-60DD3795128E}.Debug|Win32.ActiveCfg = Debug|Win32
		{392F94C6-CFDB-4B50-AA15-60DD3795128E}.Debug|Win32.Build.0 = Debug|Win32
		{392F94C6-CFDB-4B50-AA15-60DD3795128E}.Debug|x64.ActiveCfg = Debug|x64
		{392F94C6-CFDB-4B50-AA15-60DD3795128E}.Debug|x64.Build.0 = Debug|x64
		{392F94C6-CFDB-4B50-AA15-60DD3795128E}.Release|Win32.ActiveCfg = Release|Win32
		{392F94C6-CFDB-4B50-AA15-60DD3795128E}.Release|Win32.Build.0 = Release|Win32
		{392F94C6-CFDB-4B50-AA15-60DD3795128E}.Release|x64.ActiveCfg = Release|x64
		{392F94C6-CFDB-4B50-AA15-60DD3795128E}.Release|x64.Build.0 = Release|x64
		{3B7E3984-5667-4D16-96DB-E91C1EFAE53E}.Debug|Win32.ActiveCfg = Debug|Win32
		{3B7E3984-5667-4D16-96DB-E91C1EFAE53E}.Debug|Win32.Build.0 = Debug|Win32
		{3B7E3984-5667-4D16-96DB-E91C1EFAE53E}.Debug|x64.ActiveCfg = Debug|x64
		{3B7E3984-5667-4D16-96DB-E91C1EFAE53E}.Debug|x64.Build.0 = Debug|x64
		{3B7E3984-5667-4D16-96DB-E91C1EFAE53E}.Release|Win32.ActiveCfg = Release|Win32
		{3B7E3984-5667-4D16-96DB-E91C1EFAE53E}.Release|Win32.Build.0 = Release|Win32
		{3B7E3984-5667-4D16-96DB-E91C1EFAE53E}.Release|x64.ActiveCfg = Release|x64
		{3B7E3984-5667-4D16-96DB-E91C1EFAE53E}.Release|x64.Build.0 = Release|x64
	EndGlobalSection
	GlobalSection(SolutionProperties) = preSolution
		HideSolutionNode = FALSE
	EndGlobalSection
	GlobalSection(NestedProjects) = preSolution
		{B9D641F6-75F2-4F0F-A416-7A00B815C273} = {361BDEA3-5E30-46D1-8619-73DB5E498E47}
		{6F25B992-FCE3-4AD2-B538-AD5A2B0FA998} = {361BDEA3-5E30-46D1-8619-73DB5E498E47}
		{DAFDF31B-4475-45BD-8C3D-638CB0FFFEF2} = {6B77DBB3-A86F-4BD2-98FB-8868AA91ED3F}
		{AC08B681-319B-430B-9127-4CB440EC4889} = {6B77DBB3-A86F-4BD2-98FB-8868AA91ED3F}
		{9B9EFAF2-B366-4482-B233-5290B68E3B75} = {6B77DBB3-A86F-4BD2-98FB-8868AA91ED3F}
		{F4C398A9-43E6-4DE2-AFB5-E6CBA87C461E} = {6B77DBB3-A86F-4BD2-98FB-8868AA91ED3F}
		{5827611D-ED08-4863-A6B5-54A01B4864D0} = {361BDEA3-5E30-46D1-8619-73DB5E498E47}
		{95F1D1A3-8795-469D-8A24-0B94E69C06B9} = {6B77DBB3-A86F-4BD2-98FB-8868AA91ED3F}
		{7EF6510B-4F55-4A75-B00F-9BC263AA19E9} = {6B77DBB3-A86F-4BD2-98FB-8868AA91ED3F}
		{3F7ECC54-A2C9-4407-B0FE-E77990845730} = {6B77DBB3-A86F-4BD2-98FB-8868AA91ED3F}
		{89AF558F-6FB4-44F1-B5E4-1BA4A8228E5A} = {6B77DBB3-A86F-4BD2-98FB-8868AA91ED3F}
		{BEB61B0C-CABD-4A86-950D-273AF27FE758} = {6B77DBB3-A86F-4BD2-98FB-8868AA91ED3F}
		{22B9AC19-8236-4794-82DC-0B4245C109B9} = {6B77DBB3-A86F-4BD2-98FB-8868AA91ED3F}
		{98713C03-ACA6-45F3-95DF-0FA02CB25ED3} = {6B77DBB3-A86F-4BD2-98FB-8868AA91ED3F}
		{DBAEFF12-ECFE-4815-B6D9-DC7334C26430} = {6B77DBB3-A86F-4BD2-98FB-8868AA91ED3F}
		{9ED0D5A7-1A88-4FF4-8B82-88D0D97AF9B0} = {361BDEA3-5E30-46D1-8619-73DB5E498E47}
		{9047AB11-D190-4816-ACFA-D7D8812EE84F} = {6C618DCB-91D6-4287-BA4D-F8C400BE8CAA}
		{90EB62C7-84C8-4E6A-BD7F-5D252740F416} = {898D122A-4913-48BB-A2CC-D8A9AD3D62FE}
		{434A98BA-EFB8-44D4-843E-B3DDA9744B54} = {898D122A-4913-48BB-A2CC-D8A9AD3D62FE}
		{BC1124E8-72A2-4C86-BCD3-7C1516820A45} = {898D122A-4913-48BB-A2CC-D8A9AD3D62FE}
		{6B77DBB3-A86F-4BD2-98FB-8868AA91ED3F} = {6C618DCB-91D6-4287-BA4D-F8C400BE8CAA}
		{84A4ADC3-7D99-4964-9E65-54345667A6E4} = {E7184627-3C1C-4FAB-A26B-2A984A1C53A1}
		{8E6F4D64-5355-430D-81AA-A5041C838797} = {6C618DCB-91D6-4287-BA4D-F8C400BE8CAA}
		{803EBACD-472E-4B9D-A6DC-3C843B525913} = {E7184627-3C1C-4FAB-A26B-2A984A1C53A1}
		{7BCC776F-6D3E-40FF-AE6C-438CB8D2B10E} = {26E6C79C-5548-4ED2-9EC5-D7A66912B094}
		{0414734C-7063-48F5-A102-EEF16BDF167A} = {6C618DCB-91D6-4287-BA4D-F8C400BE8CAA}
		{706CCD7F-C4F4-4B10-9FEC-8B4F0CB373F3} = {26E6C79C-5548-4ED2-9EC5-D7A66912B094}
		{65A3B4E9-0C18-4CBF-8E74-86807699B197} = {26E6C79C-5548-4ED2-9EC5-D7A66912B094}
		{2A18B4AB-DDD1-4313-B4A1-084539D6AA6D} = {26E6C79C-5548-4ED2-9EC5-D7A66912B094}
		{E804CE9F-BDAC-401F-B0A0-666EB734CF8E} = {521990D7-BE59-481B-8A9E-AA6A50BCCFDD}
		{A32B4578-730E-4900-9334-824917079377} = {521990D7-BE59-481B-8A9E-AA6A50BCCFDD}
		{E56F4490-4E97-4B6D-AA65-DCE0B6A95F4B} = {9047AB11-D190-4816-ACFA-D7D8812EE84F}
		{7572DBFE-BC87-402F-8D02-4C754AB4C21B} = {E56F4490-4E97-4B6D-AA65-DCE0B6A95F4B}
		{977248C2-D495-4DA9-B260-F6B6E969C1B6} = {E56F4490-4E97-4B6D-AA65-DCE0B6A95F4B}
		{78965FD8-1706-4913-8352-880F273FCFDC} = {E56F4490-4E97-4B6D-AA65-DCE0B6A95F4B}
		{898D122A-4913-48BB-A2CC-D8A9AD3D62FE} = {9047AB11-D190-4816-ACFA-D7D8812EE84F}
		{E7184627-3C1C-4FAB-A26B-2A984A1C53A1} = {9047AB11-D190-4816-ACFA-D7D8812EE84F}
		{521990D7-BE59-481B-8A9E-AA6A50BCCFDD} = {9047AB11-D190-4816-ACFA-D7D8812EE84F}
		{26E6C79C-5548-4ED2-9EC5-D7A66912B094} = {9047AB11-D190-4816-ACFA-D7D8812EE84F}
		{22955460-8AB9-4F50-9573-E9F2CA796BEA} = {521990D7-BE59-481B-8A9E-AA6A50BCCFDD}
		{FFFADA95-32D9-48EA-B8FE-30FEFDE6CFEA} = {22955460-8AB9-4F50-9573-E9F2CA796BEA}
		{92CDD88E-BCA1-4F2B-9222-0CC8C8B1AC21} = {22955460-8AB9-4F50-9573-E9F2CA796BEA}
		{4FDAE2B3-7DE2-4FAF-8A78-EBB598B73E54} = {9047AB11-D190-4816-ACFA-D7D8812EE84F}
		{099A1818-C466-4117-AB7B-F05180F9E180} = {7331635C-8561-4546-9E59-D74AA586B99E}
		{A691C067-76D7-4767-9EF1-2980BBB761FA} = {E56F4490-4E97-4B6D-AA65-DCE0B6A95F4B}
		{F231D8A9-DED9-4163-B23F-209E36CDA3A6} = {A691C067-76D7-4767-9EF1-2980BBB761FA}
		{C4F8A31C-DD2E-4F08-BF2D-01D722E846DA} = {A691C067-76D7-4767-9EF1-2980BBB761FA}
		{CBDF9D32-FB90-40A2-AD82-3845D565C7AF} = {A691C067-76D7-4767-9EF1-2980BBB761FA}
		{D1EF18A3-C1B6-4D97-A3C4-89E6A1862AEE} = {4FDAE2B3-7DE2-4FAF-8A78-EBB598B73E54}
		{B8B4E87F-177B-4C4A-B62A-710409B3AB67} = {4FDAE2B3-7DE2-4FAF-8A78-EBB598B73E54}
		{5ADC3C42-B40E-42D2-959A-3F6BC0329510} = {9047AB11-D190-4816-ACFA-D7D8812EE84F}
		{D481C4CC-7162-4FDA-9A5E-E10B06585F5B} = {5ADC3C42-B40E-42D2-959A-3F6BC0329510}
		{28E6E814-7469-475B-878D-A1F97CFE87BB} = {4FDAE2B3-7DE2-4FAF-8A78-EBB598B73E54}
		{C5EF26A0-93DE-4A63-AAA5-392AFA476DC0} = {4FDAE2B3-7DE2-4FAF-8A78-EBB598B73E54}
		{EA5B074B-24A2-4EC5-894D-525C3F85E7A2} = {56223CE3-FF11-4927-9DCC-4B5C864FA04C}
		{392F94C6-CFDB-4B50-AA15-60DD3795128E} = {56223CE3-FF11-4927-9DCC-4B5C864FA04C}
		{3B7E3984-5667-4D16-96DB-E91C1EFAE53E} = {56223CE3-FF11-4927-9DCC-4B5C864FA04C}
	EndGlobalSection
EndGlobal
